
Microsoft Visual Studio Solution File, Format Version 12.00
# Visual Studio Version 17
VisualStudioVersion = 17.5.002.0
MinimumVisualStudioVersion = 10.0.40219.1
Project("{2150E333-8FDC-42A3-9474-1A3956D46DE8}") = "src", "src", "{585057BC-9A06-4ADA-881D-0916B38AB2E9}"
EndProject
Project("{9A19103F-16F7-4668-BE54-9A1E7A4F7556}") = "App.DevTrackR.ShippingOrders.Core", "src\App.DevTrackR.ShippingOrders.Core\App.DevTrackR.ShippingOrders.Core.csproj", "{A7086EA9-F18D-44B9-A6EA-BDFDDC3C38E3}"
EndProject
Global
	GlobalSection(SolutionConfigurationPlatforms) = preSolution
		Debug|Any CPU = Debug|Any CPU
		Release|Any CPU = Release|Any CPU
	EndGlobalSection
	GlobalSection(ProjectConfigurationPlatforms) = postSolution
		{A7086EA9-F18D-44B9-A6EA-BDFDDC3C38E3}.Debug|Any CPU.ActiveCfg = Debug|Any CPU
		{A7086EA9-F18D-44B9-A6EA-BDFDDC3C38E3}.Debug|Any CPU.Build.0 = Debug|Any CPU
		{A7086EA9-F18D-44B9-A6EA-BDFDDC3C38E3}.Release|Any CPU.ActiveCfg = Release|Any CPU
		{A7086EA9-F18D-44B9-A6EA-BDFDDC3C38E3}.Release|Any CPU.Build.0 = Release|Any CPU
	EndGlobalSection
	GlobalSection(SolutionProperties) = preSolution
		HideSolutionNode = FALSE
	EndGlobalSection
	GlobalSection(NestedProjects) = preSolution
		{A7086EA9-F18D-44B9-A6EA-BDFDDC3C38E3} = {585057BC-9A06-4ADA-881D-0916B38AB2E9}
	EndGlobalSection
	GlobalSection(ExtensibilityGlobals) = postSolution
		SolutionGuid = {9A22E8DA-6142-4F66-AC96-293D288827B8}
	EndGlobalSection
EndGlobal
